github.com/ebitengine/oto/v3 v3.5.1 h1:7gL5DxxSQp8S1Me2jDSp+gSAyondYxpjM5RPBBqLT0c=
github.com/ebitengine/oto/v3 v3.5.1/go.mod h1:Elkm7yzTRns3w2efvibzVOoQ65YOwmec9a76dCiK10o=
github.com/ebitengine/purego v0.11.1 h1:2zpWRSQNVKN4eKsKO9eM1ILDgWfYMY9GwqRmK6XeQ/0=
github.com/ebitengine/purego v0.11.1/go.mod h1:DCHPP08djqhNSoTfImcnHYQRZmd0qhakvrozqaEYhGQ=
github.com/egoist/mygo v0.3.7 h1:hT6jjSBRqtvl3b0zReFGdGjGaNfz1IqvhnrK+Vrje94=
github.com/egoist/mygo v0.3.7/go.mod h1:1sRzZ6jEhKE7iuEQXjyoXDgxyxQ1uTgMHDcDKZvoDIU=
github.com/go-macos/keychain v0.3.0 h1:s4uucWJajdy60M3OIw6fOvNgsD2ro2xLfllhnSWUaGY=
github.com/go-macos/keychain v0.3.0/go.mod h1:LX6IfkOT541BqkrIvzagyDn3ze+VoiZraiP+YUpBHFQ=
github.com/go-macos/objc v0.10.2 h1:WX8CsDT6SbDrIT2wHAZEQBhGcpKR750llRS4oAfX9ww=
github.com/go-macos/objc v0.10.2/go.mod h1:68hzSUlhg5bFbg1kO0z4DM6xOk4B/IofuxdlyhHHtt8=
github.com/go-quicktest/qt v1.102.0 h1:HSQxCeh5YZH3EL3W39ixjtyaEhcWSXQHtHnMBzSs474=
github.com/go-quicktest/qt v1.102.0/go.mod h1:p4lGIVX+8Wa6ZPNDvqcxq36XpUDLh42FLetFU7odllI=
github.com/go-text/typesetting v0.3.5 h1:XZPUooClHY0Vf/rFyUyuPRNEkawARaFzLMQcXLSEyPk=
github.com/go-text/typesetting v0.3.5/go.mod h1:XZO1hD+nQVyvVa5IicQk7FsCa4PFQaJ2soWAP1f//68=
github.com/go-text/typesetting-utils v0.0.0-20260419141703-4ffe8874dabc h1:8FGo2It5K75XkavhTiCKExUfVaVDS1feBnLCru5qeoY=
github.com/go-text/typesetting-utils v0.0.0-20260419141703-4ffe8874dabc/go.mod h1:3/62I4La/HBRX9TcTpBj4eipLiwzf+vhI+7whTc9V7o=
github.com/godbus/dbus/v5 v5.2.2 h1:TUR3TgtSVDmjiXOgAAyaZbYmIeP3DPkld3jgKGV8mXQ=
github.com/godbus/dbus/v5 v5.2.2/go.mod h1:3AAv2+hPq5rdnr5txxxRwiGjPXamgoIHgz9FPBfOp3c=
github.com/google/go-cmp v0.7.0 h1:wk8382ETsv4JYUZwIsn6YpYiWiBsYLSJiTsyBybVuN8=
github.com/google/go-cmp v0.7.0/go.mod h1:pXiqmnSA92OHEEa9HXL2W4E7lf9JzCmGVUdgjX3N/iU=
github.com/jfreymuth/pulse v0.1.3 h1:bc5TdxiB8E+2INnFjFWWgyfgXtz2IyNNNCX+Wt/ZD14=
github.com/jfreymuth/pulse v0.1.3/go.mod h1:cpYspI6YljhkUf1WLXLLDmeaaPFc3CnGLjDZf9dZ4no=
github.com/kr/pretty v0.3.1 h1:flRD4NNwYAUpkphVc1HcthR4KEIFJ65n8Mw5qdRn3LE=
github.com/kr/pretty v0.3.1/go.mod h1:hoEshYVHaxMs3cyo3Yncou5ZscifuDolrwPKZanG3xk=
github.com/kr/text v0.2.0 h1:5Nx0Ya0ZqY2ygV366QzturHI13Jq95ApcVaJBhpS+AY=
github.com/kr/text v0.2.0/go.mod h1:eLer722TekiGuMkidMxC/pM04lWEeraHUUmBw8l2grE=
github.com/rogpeppe/go-internal v1.16.0 h1:O9DK+vNMDVGLr2BeZqmpLeMjiMNkuXfcqntWbZV6S5g=
github.com/rogpeppe/go-internal v1.16.0/go.mod h1:DrUVZyrJU+txYW5/1kwtXQSMFio52ZOxX7yM1VHvnxs=
golang.org/x/image v0.46.0 h1:b1+oYj0Jbp6K5MDT4i4/eZpYlk3V8SJhhDKh6LBHAyQ=
golang.org/x/image v0.46.0/go.mod h1:3B3W05VGVQyuXucLINLjXKrqISASfi4Xj+iCVkLMwew=
golang.org/x/mod v0.41.0 h1:qJmnOUb4YB+FsEuM3HcWucdZASCPGhsX6uljO6pog0c=
golang.org/x/mod v0.41.0/go.mod h1:Ek9pY8RKWXwsWvd3rQiHYtMqkjSUV+s1Rj7j4H5Ur6o=
golang.org/x/sync v0.23.0 h1:KameEIfc1IkluZyXWLn39Wd4tURc6GbCiISGiZm2bQk=
golang.org/x/sync v0.23.0/go.mod h1:sUUOizhqBxiL6pEWpqNLUiaJn1ShEbZ6BBqskPbjZm0=
golang.org/x/sys v0.48.0 h1:bbX/i/6MgT9BVLM9RT1thmxL04yeTAhbEz4SyadbXoo=
golang.org/x/sys v0.48.0/go.mod h1:hNLxWAXmnKAxqDtdwIYC4bM9oQPEecfsnNMuSxOs3og=
golang.org/x/tools v0.49.0 h1:3NI7VXzL9+1WZD52Dx2ttoPwD5DWrFGpl9mFZDlmisI=
golang.org/x/tools v0.49.0/go.mod h1:SJNXV9DBKT0UbdttsQjbfJlAE/q+y36++zo3uL3N0Oo=
mvdan.cc/gofumpt v0.12.0 h1:1Lbudkz2kpM9Cjz2pL4M19u7q+GaEhCTNf7N9mfpcho=
mvdan.cc/gofumpt v0.12.0/go.mod h1:SmBHHrljiZu/uoypeKup3rFzP6eoC9UwCp2iH5E3jZA=
